
Microsoft Visual Studio Solution File, Format Version 12.00
# Visual Studio Version 16
VisualStudioVersion = 16.0.31605.320
MinimumVisualStudioVersion = 10.0.40219.1
Project("{FAE04EC0-301F-11D3-BF4B-00C04F79EFBC}") = "TutFromDoc", "TutFromDoc.csproj", "{198A05E3-76E8-4429-BB14-9B1F843ABFA9}"
EndProject
Global
	GlobalSection(SolutionConfigurationPlatforms) = preSolution
		Debug|Any CPU = Debug|Any CPU
		Release|Any CPU = Release|Any CPU
	EndGlobalSection
	GlobalSection(ProjectConfigurationPlatforms) = postSolution
		{198A05E3-76E8-4429-BB14-9B1F843ABFA9}.Debug|Any CPU.ActiveCfg = Debug|Any CPU
		{198A05E3-76E8-4429-BB14-9B1F843ABFA9}.Debug|Any CPU.Build.0 = Debug|Any CPU
		{198A05E3-76E8-4429-BB14-9B1F843ABFA9}.Release|Any CPU.ActiveCfg = Release|Any CPU
		{198A05E3-76E8-4429-BB14-9B1F843ABFA9}.Release|Any CPU.Build.0 = Release|Any CPU
	EndGlobalSection
	GlobalSection(SolutionProperties) = preSolution
		HideSolutionNode = FALSE
	EndGlobalSection
	GlobalSection(ExtensibilityGlobals) = postSolution
		SolutionGuid = {34018219-B870-402F-83B2-EAD420F36FF8}
	EndGlobalSection
EndGlobal
